
Microsoft Visual Studio Solution File, Format Version 12.00
# Visual Studio Version 16
VisualStudioVersion = 16.0.30516.212
MinimumVisualStudioVersion = 10.0.40219.1
Project("{9A19103F-16F7-4668-BE54-9A1E7A4F7556}") = "Instanalyzer", "Instanalyzer\Instanalyzer.csproj", "{6A5B21A2-0B72-4140-AAF6-934E77E343AE}"
EndProject
Global
	GlobalSection(SolutionConfigurationPlatforms) = preSolution
		Debug|Any CPU = Debug|Any CPU
		GitHub|Any CPU = GitHub|Any CPU
		Release|Any CPU = Release|Any CPU
	EndGlobalSection
	GlobalSection(ProjectConfigurationPlatforms) = postSolution
		{6A5B21A2-0B72-4140-AAF6-934E77E343AE}.Debug|Any CPU.ActiveCfg = Debug|Any CPU
		{6A5B21A2-0B72-4140-AAF6-934E77E343AE}.Debug|Any CPU.Build.0 = Debug|Any CPU
		{6A5B21A2-0B72-4140-AAF6-934E77E343AE}.GitHub|Any CPU.ActiveCfg = GitHub|Any CPU
		{6A5B21A2-0B72-4140-AAF6-934E77E343AE}.GitHub|Any CPU.Build.0 = GitHub|Any CPU
		{6A5B21A2-0B72-4140-AAF6-934E77E343AE}.Release|Any CPU.ActiveCfg = Release|Any CPU
		{6A5B21A2-0B72-4140-AAF6-934E77E343AE}.Release|Any CPU.Build.0 = Release|Any CPU
	EndGlobalSection
	GlobalSection(SolutionProperties) = preSolution
		HideSolutionNode = FALSE
	EndGlobalSection
	GlobalSection(ExtensibilityGlobals) = postSolution
		SolutionGuid = {5DD7C1AB-0376-4F6F-AABC-5DF6D798EA21}
	EndGlobalSection
EndGlobal
